lockfileVersion: '9.0'

settings:
  autoInstallPeers: true
  excludeLinksFromLockfile: false

importers:

  .:
    dependencies:
      '@anthropic-ai/sdk':
        specifier: ^0.106.0
        version: 0.106.0
      anthropic:
        specifier: 0.0.0
        version: 0.0.0
      dotenv:
        specifier: ^17.4.2
        version: 17.4.2

packages:

  '@anthropic-ai/sdk@0.106.0':
    resolution: {integrity: sha512-ufwVvYNDBj2dzOGupBCTaNzBLxqcTnGOzI4z8Wouxlt+mT3J3HuOmatgCy1VmwCHOUueqZ41ERhm0O99OUcbWA==}
    hasBin: true
    peerDependencies:
      zod: ^3.25.0 || ^4.0.0
    peerDependenciesMeta:
      zod:
        optional: true

  '@babel/runtime@7.29.7':
    resolution: {integrity: sha512-Nq8OhGWiZIZGV6hLHoyAKLLcJihP/xFeBMGJoUrxTX2psI8dCifzLhZISFb+VWS3wFMRDmCGw5R+dOySCqPLhw==}
    engines: {node: '>=6.9.0'}

  '@stablelib/base64@1.0.1':
    resolution: {integrity: sha512-1bnPQqSxSuc3Ii6MhBysoWCg58j97aUjuCSZrGSmDxNqtytIi0k8utUenAwTZN4V5mXXYGsVUI9zeBqy+jBOSQ==}

  anthropic@0.0.0:
    resolution: {integrity: sha512-f5q/E0ZTR079xtkh58gFQ5chyLiRYgSoVDGA/hWacvU1DzVt+anoN8tEtTwWbmav6/+w/fFMNMj7r/KAMdOIYw==}

  dotenv@17.4.2:
    resolution: {integrity: sha512-nI4U3TottKAcAD9LLud4Cb7b2QztQMUEfHbvhTH09bqXTxnSie8WnjPALV/WMCrJZ6UV/qHJ6L03OqO3LcdYZw==}
    engines: {node: '>=12'}

  fast-sha256@1.3.0:
    resolution: {integrity: sha512-n11RGP/lrWEFI/bWdygLxhI+pVeo1ZYIVwvvPkW7azl/rOy+F3HYRZ2K5zeE9mmkhQppyv9sQFx0JM9UabnpPQ==}

  json-schema-to-ts@3.1.1:
    resolution: {integrity: sha512-+DWg8jCJG2TEnpy7kOm/7/AxaYoaRbjVB4LFZLySZlWn8exGs3A4OLJR966cVvU26N7X9TWxl+Jsw7dzAqKT6g==}
    engines: {node: '>=16'}

  standardwebhooks@1.0.0:
    resolution: {integrity: sha512-BbHGOQK9olHPMvQNHWul6MYlrRTAOKn03rOe4A8O3CLWhNf4YHBqq2HJKKC+sfqpxiBY52pNeesD6jIiLDz8jg==}

  ts-algebra@2.0.0:
    resolution: {integrity: sha512-FPAhNPFMrkwz76P7cdjdmiShwMynZYN6SgOujD1urY4oNm80Ou9oMdmbR45LotcKOXoy7wSmHkRFE6Mxbrhefw==}

snapshots:

  '@anthropic-ai/sdk@0.106.0':
    dependencies:
      json-schema-to-ts: 3.1.1
      standardwebhooks: 1.0.0

  '@babel/runtime@7.29.7': {}

  '@stablelib/base64@1.0.1': {}

  anthropic@0.0.0: {}

  dotenv@17.4.2: {}

  fast-sha256@1.3.0: {}

  json-schema-to-ts@3.1.1:
    dependencies:
      '@babel/runtime': 7.29.7
      ts-algebra: 2.0.0

  standardwebhooks@1.0.0:
    dependencies:
      '@stablelib/base64': 1.0.1
      fast-sha256: 1.3.0

  ts-algebra@2.0.0: {}
